
Microsoft Visual Studio Solution File, Format Version 12.00
# Visual Studio Version 16
VisualStudioVersion = 16.0.30804.86
MinimumVisualStudioVersion = 10.0.40219.1
Project("{FAE04EC0-301F-11D3-BF4B-00C04F79EFBC}") = "Loja", "Loja\Loja.csproj", "{F58E72F3-CC19-478D-A360-BA90CB348C45}"
EndProject
Global
	GlobalSection(SolutionConfigurationPlatforms) = preSolution
		Debug|Any CPU = Debug|Any CPU
		Release|Any CPU = Release|Any CPU
	EndGlobalSection
	GlobalSection(ProjectConfigurationPlatforms) = postSolution
		{F58E72F3-CC19-478D-A360-BA90CB348C45}.Debug|Any CPU.ActiveCfg = Debug|Any CPU
		{F58E72F3-CC19-478D-A360-BA90CB348C45}.Debug|Any CPU.Build.0 = Debug|Any CPU
		{F58E72F3-CC19-478D-A360-BA90CB348C45}.Release|Any CPU.ActiveCfg = Release|Any CPU
		{F58E72F3-CC19-478D-A360-BA90CB348C45}.Release|Any CPU.Build.0 = Release|Any CPU
	EndGlobalSection
	GlobalSection(SolutionProperties) = preSolution
		HideSolutionNode = FALSE
	EndGlobalSection
	GlobalSection(ExtensibilityGlobals) = postSolution
		SolutionGuid = {5F9B8B60-9699-4C4B-ABD6-475123B6F648}
	EndGlobalSection
EndGlobal
